
Microsoft Visual Studio Solution File, Format Version 12.00
# Visual Studio Version 17
VisualStudioVersion = 17.10.34928.147
MinimumVisualStudioVersion = 10.0.40219.1
Project("{FAE04EC0-301F-11D3-BF4B-00C04F79EFBC}") = "HiddenVilla", "HiddenVilla\HiddenVilla\HiddenVilla.csproj", "{05116736-E797-40D9-8A00-1DD5338118DE}"
EndProject
Project("{FAE04EC0-301F-11D3-BF4B-00C04F79EFBC}") = "HiddenVilla.Client", "HiddenVilla\HiddenVilla.Client\HiddenVilla.Client.csproj", "{E96BD49D-746A-4EDA-AA66-4ADCA5C3F447}"
EndProject
Global
	GlobalSection(SolutionConfigurationPlatforms) = preSolution
		Debug|Any CPU = Debug|Any CPU
		Release|Any CPU = Release|Any CPU
	EndGlobalSection
	GlobalSection(ProjectConfigurationPlatforms) = postSolution
		{05116736-E797-40D9-8A00-1DD5338118DE}.Debug|Any CPU.ActiveCfg = Debug|Any CPU
		{05116736-E797-40D9-8A00-1DD5338118DE}.Debug|Any CPU.Build.0 = Debug|Any CPU
		{05116736-E797-40D9-8A00-1DD5338118DE}.Release|Any CPU.ActiveCfg = Release|Any CPU
		{05116736-E797-40D9-8A00-1DD5338118DE}.Release|Any CPU.Build.0 = Release|Any CPU
		{E96BD49D-746A-4EDA-AA66-4ADCA5C3F447}.Debug|Any CPU.ActiveCfg = Debug|Any CPU
		{E96BD49D-746A-4EDA-AA66-4ADCA5C3F447}.Debug|Any CPU.Build.0 = Debug|Any CPU
		{E96BD49D-746A-4EDA-AA66-4ADCA5C3F447}.Release|Any CPU.ActiveCfg = Release|Any CPU
		{E96BD49D-746A-4EDA-AA66-4ADCA5C3F447}.Release|Any CPU.Build.0 = Release|Any CPU
	EndGlobalSection
	GlobalSection(SolutionProperties) = preSolution
		HideSolutionNode = FALSE
	EndGlobalSection
	GlobalSection(ExtensibilityGlobals) = postSolution
		SolutionGuid = {67EA491D-149C-4966-821D-87C6D01C9122}
	EndGlobalSection
EndGlobal
